
Microsoft Visual Studio Solution File, Format Version 12.00
# Visual Studio 15
Project("{FAE04EC0-301F-11D3-BF4B-00C04F79EFBC}") = "Assembly-CSharp", "Assembly-CSharp.csproj", "{9C8098B4-4063-F610-C7C3-5007234CCCC0}"
EndProject
Project("{FAE04EC0-301F-11D3-BF4B-00C04F79EFBC}") = "Assembly-CSharp-firstpass", "Assembly-CSharp-firstpass.csproj", "{98B0DCE5-1EEF-E106-26BD-06FFE93A807C}"
EndProject
Project("{FAE04EC0-301F-11D3-BF4B-00C04F79EFBC}") = "Assembly-CSharp-Editor", "Assembly-CSharp-Editor.csproj", "{EEFD97F1-0A4D-F059-21DA-940F50A9B72C}"
EndProject
Global
	GlobalSection(SolutionConfigurationPlatforms) = preSolution
		Debug|Any CPU = Debug|Any CPU
		Release|Any CPU = Release|Any CPU
	EndGlobalSection
	GlobalSection(ProjectConfigurationPlatforms) = postSolution
		{9C8098B4-4063-F610-C7C3-5007234CCCC0}.Debug|Any CPU.ActiveCfg = Debug|Any CPU
		{9C8098B4-4063-F610-C7C3-5007234CCCC0}.Debug|Any CPU.Build.0 = Debug|Any CPU
		{9C8098B4-4063-F610-C7C3-5007234CCCC0}.Release|Any CPU.ActiveCfg = Release|Any CPU
		{9C8098B4-4063-F610-C7C3-5007234CCCC0}.Release|Any CPU.Build.0 = Release|Any CPU
		{98B0DCE5-1EEF-E106-26BD-06FFE93A807C}.Debug|Any CPU.ActiveCfg = Debug|Any CPU
		{98B0DCE5-1EEF-E106-26BD-06FFE93A807C}.Debug|Any CPU.Build.0 = Debug|Any CPU
		{98B0DCE5-1EEF-E106-26BD-06FFE93A807C}.Release|Any CPU.ActiveCfg = Release|Any CPU
		{98B0DCE5-1EEF-E106-26BD-06FFE93A807C}.Release|Any CPU.Build.0 = Release|Any CPU
		{EEFD97F1-0A4D-F059-21DA-940F50A9B72C}.Debug|Any CPU.ActiveCfg = Debug|Any CPU
		{EEFD97F1-0A4D-F059-21DA-940F50A9B72C}.Debug|Any CPU.Build.0 = Debug|Any CPU
		{EEFD97F1-0A4D-F059-21DA-940F50A9B72C}.Release|Any CPU.ActiveCfg = Release|Any CPU
		{EEFD97F1-0A4D-F059-21DA-940F50A9B72C}.Release|Any CPU.Build.0 = Release|Any CPU
	EndGlobalSection
	GlobalSection(SolutionProperties) = preSolution
		HideSolutionNode = FALSE
	EndGlobalSection
EndGlobal
